// !$*UTF8*$!
{
	archiveVersion = 1;
	classes = {
	};
	objectVersion = 46;
	objects = {

/* Begin PBXBuildFile section */
		BBB07A801CF93EC2000CCD98 /* LFHeatMap.m in Sources */ = {isa = PBXBuildFile; fileRef = BBB07A7F1CF93EC2000CCD98 /* LFHeatMap.m */; };
		D41CDF041CF8E2D600772446 /* AppDelegate.swift in Sources */ = {isa = PBXBuildFile; fileRef = D41CDF031CF8E2D600772446 /* AppDelegate.swift */; };
		D41CDF061CF8E2D600772446 /* ViewController.swift in Sources */ = {isa = PBXBuildFile; fileRef = D41CDF051CF8E2D600772446 /* ViewController.swift */; };
		D41CDF091CF8E2D600772446 /* Main.storyboard in Resources */ = {isa = PBXBuildFile; fileRef = D41CDF071CF8E2D600772446 /* Main.storyboard */; };
		D41CDF0B1CF8E2D600772446 /* Assets.xcassets in Resources */ = {isa = PBXBuildFile; fileRef = D41CDF0A1CF8E2D600772446 /* Assets.xcassets */; };
		D41CDF0E1CF8E2D600772446 /* LaunchScreen.storyboard in Resources */ = {isa = PBXBuildFile; fileRef = D41CDF0C1CF8E2D600772446 /* LaunchScreen.storyboard */; };
		D41CDF191CF8E2D700772446 /* MosquitoTests.swift in Sources */ = {isa = PBXBuildFile; fileRef = D41CDF181CF8E2D700772446 /* MosquitoTests.swift */; };
		D41CDF241CF8E2D700772446 /* MosquitoUITests.swift in Sources */ = {isa = PBXBuildFile; fileRef = D41CDF231CF8E2D700772446 /* MosquitoUITests.swift */; };
		D41CDF321CF8E60300772446 /* mapaAgoraViewController.swift in Sources */ = {isa = PBXBuildFile; fileRef = D41CDF311CF8E60300772446 /* mapaAgoraViewController.swift */; };
		D41CDF351CF9268800772446 /* TelaGraficos.swift in Sources */ = {isa = PBXBuildFile; fileRef = D41CDF341CF9268800772446 /* TelaGraficos.swift */; };
/* End PBXBuildFile section */

/* Begin PBXContainerItemProxy section */
		D41CDF151CF8E2D700772446 /* PBXContainerItemProxy */ = {
			isa = PBXContainerItemProxy;
			containerPortal = D41CDEF81CF8E2D600772446 /* Project object */;
			proxyType = 1;
			remoteGlobalIDString = D41CDEFF1CF8E2D600772446;
			remoteInfo = Mosquito;
		};
		D41CDF201CF8E2D700772446 /* PBXContainerItemProxy */ = {
			isa = PBXContainerItemProxy;
			containerPortal = D41CDEF81CF8E2D600772446 /* Project object */;
			proxyType = 1;
			remoteGlobalIDString = D41CDEFF1CF8E2D600772446;
			remoteInfo = Mosquito;
		};
/* End PBXContainerItemProxy section */

/* Begin PBXFileReference section */
		BBB07A7D1CF93EC1000CCD98 /* Mosquito-Bridging-Header.h */ = {isa = PBXFileReference; lastKnownFileType = sourcecode.c.h; path = "Mosquito-Bridging-Header.h"; sourceTree = "<group>"; };
		BBB07A7E1CF93EC2000CCD98 /* LFHeatMap.h */ = {isa = PBXFileReference; fileEncoding = 4; lastKnownFileType = sourcecode.c.h; path = LFHeatMap.h; sourceTree = "<group>"; };
		BBB07A7F1CF93EC2000CCD98 /* LFHeatMap.m */ = {isa = PBXFileReference; fileEncoding = 4; lastKnownFileType = sourcecode.c.objc; path = LFHeatMap.m; sourceTree = "<group>"; };
		D41CDF001CF8E2D600772446 /* Mosquito.app */ = {isa = PBXFileReference; explicitFileType = wrapper.application; includeInIndex = 0; path = Mosquito.app; sourceTree = BUILT_PRODUCTS_DIR; };
		D41CDF031CF8E2D600772446 /* AppDelegate.swift */ = {isa = PBXFileReference; lastKnownFileType = sourcecode.swift; path = AppDelegate.swift; sourceTree = "<group>"; };
		D41CDF051CF8E2D600772446 /* ViewController.swift */ = {isa = PBXFileReference; lastKnownFileType = sourcecode.swift; path = ViewController.swift; sourceTree = "<group>"; };
		D41CDF081CF8E2D600772446 /* Base */ = {isa = PBXFileReference; lastKnownFileType = file.storyboard; name = Base; path = Base.lproj/Main.storyboard; sourceTree = "<group>"; };
		D41CDF0A1CF8E2D600772446 /* Assets.xcassets */ = {isa = PBXFileReference; lastKnownFileType = folder.assetcatalog; path = Assets.xcassets; sourceTree = "<group>"; };
		D41CDF0D1CF8E2D600772446 /* Base */ = {isa = PBXFileReference; lastKnownFileType = file.storyboard; name = Base; path = Base.lproj/LaunchScreen.storyboard; sourceTree = "<group>"; };
		D41CDF0F1CF8E2D600772446 /* Info.plist */ = {isa = PBXFileReference; lastKnownFileType = text.plist.xml; path = Info.plist; sourceTree = "<group>"; };
		D41CDF141CF8E2D700772446 /* MosquitoTests.xctest */ = {isa = PBXFileReference; explicitFileType = wrapper.cfbundle; includeInIndex = 0; path = MosquitoTests.xctest; sourceTree = BUILT_PRODUCTS_DIR; };
		D41CDF181CF8E2D700772446 /* MosquitoTests.swift */ = {isa = PBXFileReference; lastKnownFileType = sourcecode.swift; path = MosquitoTests.swift; sourceTree = "<group>"; };
		D41CDF1A1CF8E2D700772446 /* Info.plist */ = {isa = PBXFileReference; lastKnownFileType = text.plist.xml; path = Info.plist; sourceTree = "<group>"; };
		D41CDF1F1CF8E2D700772446 /* MosquitoUITests.xctest */ = {isa = PBXFileReference; explicitFileType = wrapper.cfbundle; includeInIndex = 0; path = MosquitoUITests.xctest; sourceTree = BUILT_PRODUCTS_DIR; };
		D41CDF231CF8E2D700772446 /* MosquitoUITests.swift */ = {isa = PBXFileReference; lastKnownFileType = sourcecode.swift; path = MosquitoUITests.swift; sourceTree = "<group>"; };
		D41CDF251CF8E2D700772446 /* Info.plist */ = {isa = PBXFileReference; lastKnownFileType = text.plist.xml; path = Info.plist; sourceTree = "<group>"; };
		D41CDF311CF8E60300772446 /* mapaAgoraViewController.swift */ = {isa = PBXFileReference; fileEncoding = 4; lastKnownFileType = sourcecode.swift; path = mapaAgoraViewController.swift; sourceTree = "<group>"; };
		D41CDF341CF9268800772446 /* TelaGraficos.swift */ = {isa = PBXFileReference; fileEncoding = 4; lastKnownFileType = sourcecode.swift; path = TelaGraficos.swift; sourceTree = "<group>"; };
/* End PBXFileReference section */

/* Begin PBXFrameworksBuildPhase section */
		D41CDEFD1CF8E2D600772446 /* Frameworks */ = {
			isa = PBXFrameworksBuildPhase;
			buildActionMask = 2147483647;
			files = (
			);
			runOnlyForDeploymentPostprocessing = 0;
		};
		D41CDF111CF8E2D700772446 /* Frameworks */ = {
			isa = PBXFrameworksBuildPhase;
			buildActionMask = 2147483647;
			files = (
			);
			runOnlyForDeploymentPostprocessing = 0;
		};
		D41CDF1C1CF8E2D700772446 /* Frameworks */ = {
			isa = PBXFrameworksBuildPhase;
			buildActionMask = 2147483647;
			files = (
			);
			runOnlyForDeploymentPostprocessing = 0;
		};
/* End PBXFrameworksBuildPhase section */

/* Begin PBXGroup section */
		D41CDEF71CF8E2D600772446 = {
			isa = PBXGroup;
			children = (
				D41CDF021CF8E2D600772446 /* Mosquito */,
				D41CDF171CF8E2D700772446 /* MosquitoTests */,
				D41CDF221CF8E2D700772446 /* MosquitoUITests */,
				D41CDF011CF8E2D600772446 /* Products */,
			);
			sourceTree = "<group>";
		};
		D41CDF011CF8E2D600772446 /* Products */ = {
			isa = PBXGroup;
			children = (
				D41CDF001CF8E2D600772446 /* Mosquito.app */,
				D41CDF141CF8E2D700772446 /* MosquitoTests.xctest */,
				D41CDF1F1CF8E2D700772446 /* MosquitoUITests.xctest */,
			);
			name = Products;
			sourceTree = "<group>";
		};
		D41CDF021CF8E2D600772446 /* Mosquito */ = {
			isa = PBXGroup;
			children = (
				BBB07A7E1CF93EC2000CCD98 /* LFHeatMap.h */,
				BBB07A7F1CF93EC2000CCD98 /* LFHeatMap.m */,
				D41CDF031CF8E2D600772446 /* AppDelegate.swift */,
				D41CDF051CF8E2D600772446 /* ViewController.swift */,
				D41CDF311CF8E60300772446 /* mapaAgoraViewController.swift */,
				D41CDF071CF8E2D600772446 /* Main.storyboard */,
				D41CDF341CF9268800772446 /* TelaGraficos.swift */,
				D41CDF0A1CF8E2D600772446 /* Assets.xcassets */,
				D41CDF0C1CF8E2D600772446 /* LaunchScreen.storyboard */,
				D41CDF0F1CF8E2D600772446 /* Info.plist */,
				BBB07A7D1CF93EC1000CCD98 /* Mosquito-Bridging-Header.h */,
			);
			path = Mosquito;
			sourceTree = "<group>";
		};
		D41CDF171CF8E2D700772446 /* MosquitoTests */ = {
			isa = PBXGroup;
			children = (
				D41CDF181CF8E2D700772446 /* MosquitoTests.swift */,
				D41CDF1A1CF8E2D700772446 /* Info.plist */,
			);
			path = MosquitoTests;
			sourceTree = "<group>";
		};
		D41CDF221CF8E2D700772446 /* MosquitoUITests */ = {
			isa = PBXGroup;
			children = (
				D41CDF231CF8E2D700772446 /* MosquitoUITests.swift */,
				D41CDF251CF8E2D700772446 /* Info.plist */,
			);
			path = MosquitoUITests;
			sourceTree = "<group>";
		};
/* End PBXGroup section */

/* Begin PBXNativeTarget section */
		D41CDEFF1CF8E2D600772446 /* Mosquito */ = {
			isa = PBXNativeTarget;
			buildConfigurationList = D41CDF281CF8E2D700772446 /* Build configuration list for PBXNativeTarget "Mosquito" */;
			buildPhases = (
				D41CDEFC1CF8E2D600772446 /* Sources */,
				D41CDEFD1CF8E2D600772446 /* Frameworks */,
				D41CDEFE1CF8E2D600772446 /* Resources */,
			);
			buildRules = (
			);
			dependencies = (
			);
			name = Mosquito;
			productName = Mosquito;
			productReference = D41CDF001CF8E2D600772446 /* Mosquito.app */;
			productType = "com.apple.product-type.application";
		};
		D41CDF131CF8E2D700772446 /* MosquitoTests */ = {
			isa = PBXNativeTarget;
			buildConfigurationList = D41CDF2B1CF8E2D700772446 /* Build configuration list for PBXNativeTarget "MosquitoTests" */;
			buildPhases = (
				D41CDF101CF8E2D700772446 /* Sources */,
				D41CDF111CF8E2D700772446 /* Frameworks */,
				D41CDF121CF8E2D700772446 /* Resources */,
			);
			buildRules = (
			);
			dependencies = (
				D41CDF161CF8E2D700772446 /* PBXTargetDependency */,
			);
			name = MosquitoTests;
			productName = MosquitoTests;
			productReference = D41CDF141CF8E2D700772446 /* MosquitoTests.xctest */;
			productType = "com.apple.product-type.bundle.unit-test";
		};
		D41CDF1E1CF8E2D700772446 /* MosquitoUITests */ = {
			isa = PBXNativeTarget;
			buildConfigurationList = D41CDF2E1CF8E2D700772446 /* Build configuration list for PBXNativeTarget "MosquitoUITests" */;
			buildPhases = (
				D41CDF1B1CF8E2D700772446 /* Sources */,
				D41CDF1C1CF8E2D700772446 /* Frameworks */,
				D41CDF1D1CF8E2D700772446 /* Resources */,
			);
			buildRules = (
			);
			dependencies = (
				D41CDF211CF8E2D700772446 /* PBXTargetDependency */,
			);
			name = MosquitoUITests;
			productName = MosquitoUITests;
			productReference = D41CDF1F1CF8E2D700772446 /* MosquitoUITests.xctest */;
			productType = "com.apple.product-type.bundle.ui-testing";
		};
/* End PBXNativeTarget section */

/* Begin PBXProject section */
		D41CDEF81CF8E2D600772446 /* Project object */ = {
			isa = PBXProject;
			attributes = {
				LastSwiftUpdateCheck = 0730;
				LastUpgradeCheck = 0730;
				ORGANIZATIONNAME = "Victor Leal Porto de Almeida Arruda";
				TargetAttributes = {
					D41CDEFF1CF8E2D600772446 = {
						CreatedOnToolsVersion = 7.3.1;
						DevelopmentTeam = 78DDQ5CQQA;
					};
					D41CDF131CF8E2D700772446 = {
						CreatedOnToolsVersion = 7.3.1;
						TestTargetID = D41CDEFF1CF8E2D600772446;
					};
					D41CDF1E1CF8E2D700772446 = {
						CreatedOnToolsVersion = 7.3.1;
						TestTargetID = D41CDEFF1CF8E2D600772446;
					};
				};
			};
			buildConfigurationList = D41CDEFB1CF8E2D600772446 /* Build configuration list for PBXProject "Mosquito" */;
			compatibilityVersion = "Xcode 3.2";
			developmentRegion = English;
			hasScannedForEncodings = 0;
			knownRegions = (
				en,
				Base,
			);
			mainGroup = D41CDEF71CF8E2D600772446;
			productRefGroup = D41CDF011CF8E2D600772446 /* Products */;
			projectDirPath = "";
			projectRoot = "";
			targets = (
				D41CDEFF1CF8E2D600772446 /* Mosquito */,
				D41CDF131CF8E2D700772446 /* MosquitoTests */,
				D41CDF1E1CF8E2D700772446 /* MosquitoUITests */,
			);
		};
/* End PBXProject section */

/* Begin PBXResourcesBuildPhase section */
		D41CDEFE1CF8E2D600772446 /* Resources */ = {
			isa = PBXResourcesBuildPhase;
			buildActionMask = 2147483647;
			files = (
				D41CDF0E1CF8E2D600772446 /* LaunchScreen.storyboard in Resources */,
				D41CDF0B1CF8E2D600772446 /* Assets.xcassets in Resources */,
				D41CDF091CF8E2D600772446 /* Main.storyboard in Resources */,
			);
			runOnlyForDeploymentPostprocessing = 0;
		};
		D41CDF121CF8E2D700772446 /* Resources */ = {
			isa = PBXResourcesBuildPhase;
			buildActionMask = 2147483647;
			files = (
			);
			runOnlyForDeploymentPostprocessing = 0;
		};
		D41CDF1D1CF8E2D700772446 /* Resources */ = {
			isa = PBXResourcesBuildPhase;
			buildActionMask = 2147483647;
			files = (
			);
			runOnlyForDeploymentPostprocessing = 0;
		};
/* End PBXResourcesBuildPhase section */

/* Begin PBXSourcesBuildPhase section */
		D41CDEFC1CF8E2D600772446 /* Sources */ = {
			isa = PBXSourcesBuildPhase;
			buildActionMask = 2147483647;
			files = (
				D41CDF061CF8E2D600772446 /* ViewController.swift in Sources */,
				D41CDF351CF9268800772446 /* TelaGraficos.swift in Sources */,
				BBB07A801CF93EC2000CCD98 /* LFHeatMap.m in Sources */,
				D41CDF321CF8E60300772446 /* mapaAgoraViewController.swift in Sources */,
				D41CDF041CF8E2D600772446 /* AppDelegate.swift in Sources */,
			);
			runOnlyForDeploymentPostprocessing = 0;
		};
		D41CDF101CF8E2D700772446 /* Sources */ = {
			isa = PBXSourcesBuildPhase;
			buildActionMask = 2147483647;
			files = (
				D41CDF191CF8E2D700772446 /* MosquitoTests.swift in Sources */,
			);
			runOnlyForDeploymentPostprocessing = 0;
		};
		D41CDF1B1CF8E2D700772446 /* Sources */ = {
			isa = PBXSourcesBuildPhase;
			buildActionMask = 2147483647;
			files = (
				D41CDF241CF8E2D700772446 /* MosquitoUITests.swift in Sources */,
			);
			runOnlyForDeploymentPostprocessing = 0;
		};
/* End PBXSourcesBuildPhase section */

/* Begin PBXTargetDependency section */
		D41CDF161CF8E2D700772446 /* PBXTargetDependency */ = {
			isa = PBXTargetDependency;
			target = D41CDEFF1CF8E2D600772446 /* Mosquito */;
			targetProxy = D41CDF151CF8E2D700772446 /* PBXContainerItemProxy */;
		};
		D41CDF211CF8E2D700772446 /* PBXTargetDependency */ = {
			isa = PBXTargetDependency;
			target = D41CDEFF1CF8E2D600772446 /* Mosquito */;
			targetProxy = D41CDF201CF8E2D700772446 /* PBXContainerItemProxy */;
		};
/* End PBXTargetDependency section */

/* Begin PBXVariantGroup section */
		D41CDF071CF8E2D600772446 /* Main.storyboard */ = {
			isa = PBXVariantGroup;
			children = (
				D41CDF081CF8E2D600772446 /* Base */,
			);
			name = Main.storyboard;
			sourceTree = "<group>";
		};
		D41CDF0C1CF8E2D600772446 /* LaunchScreen.storyboard */ = {
			isa = PBXVariantGroup;
			children = (
				D41CDF0D1CF8E2D600772446 /* Base */,
			);
			name = LaunchScreen.storyboard;
			sourceTree = "<group>";
		};
/* End PBXVariantGroup section */

/* Begin XCBuildConfiguration section */
		D41CDF261CF8E2D700772446 /* Debug */ = {
			isa = XCBuildConfiguration;
			buildSettings = {
				ALWAYS_SEARCH_USER_PATHS = NO;
				CLANG_ANALYZER_NONNULL = YES;
				CLANG_CXX_LANGUAGE_STANDARD = "gnu++0x";
				CLANG_CXX_LIBRARY = "libc++";
				CLANG_ENABLE_MODULES = YES;
				CLANG_ENABLE_OBJC_ARC = YES;
				CLANG_WARN_BOOL_CONVERSION = YES;
				CLANG_WARN_CONSTANT_CONVERSION = YES;
				CLANG_WARN_DIRECT_OBJC_ISA_USAGE = YES_ERROR;
				CLANG_WARN_EMPTY_BODY = YES;
				CLANG_WARN_ENUM_CONVERSION = YES;
				CLANG_WARN_INT_CONVERSION = YES;
				CLANG_WARN_OBJC_ROOT_CLASS = YES_ERROR;
				CLANG_WARN_UNREACHABLE_CODE = YES;
				CLANG_WARN__DUPLICATE_METHOD_MATCH = YES;
				"CODE_SIGN_IDENTITY[sdk=iphoneos*]" = "iPhone Developer";
				COPY_PHASE_STRIP = NO;
				DEBUG_INFORMATION_FORMAT = dwarf;
				ENABLE_STRICT_OBJC_MSGSEND = YES;
				ENABLE_TESTABILITY = YES;
				GCC_C_LANGUAGE_STANDARD = gnu99;
				GCC_DYNAMIC_NO_PIC = NO;
				GCC_NO_COMMON_BLOCKS = YES;
				GCC_OPTIMIZATION_LEVEL = 0;
				GCC_PREPROCESSOR_DEFINITIONS = (
					"DEBUG=1",
					"$(inherited)",
				);
				GCC_WARN_64_TO_32_BIT_CONVERSION = YES;
				GCC_WARN_ABOUT_RETURN_TYPE = YES_ERROR;
				GCC_WARN_UNDECLARED_SELECTOR = YES;
				GCC_WARN_UNINITIALIZED_AUTOS = YES_AGGRESSIVE;
				GCC_WARN_UNUSED_FUNCTION = YES;
				GCC_WARN_UNUSED_VARIABLE = YES;
				IPHONEOS_DEPLOYMENT_TARGET = 9.3;
				MTL_ENABLE_DEBUG_INFO = YES;
				ONLY_ACTIVE_ARCH = YES;
				SDKROOT = iphoneos;
				SWIFT_OPTIMIZATION_LEVEL = "-Onone";
				TARGETED_DEVICE_FAMILY = "1,2";
			};
			name = Debug;
		};
		D41CDF271CF8E2D700772446 /* Release */ = {
			isa = XCBuildConfiguration;
			buildSettings = {
				ALWAYS_SEARCH_USER_PATHS = NO;
				CLANG_ANALYZER_NONNULL = YES;
				CLANG_CXX_LANGUAGE_STANDARD = "gnu++0x";
				CLANG_CXX_LIBRARY = "libc++";
				CLANG_ENABLE_MODULES = YES;
				CLANG_ENABLE_OBJC_ARC = YES;
				CLANG_WARN_BOOL_CONVERSION = YES;
				CLANG_WARN_CONSTANT_CONVERSION = YES;
				CLANG_WARN_DIRECT_OBJC_ISA_USAGE = YES_ERROR;
				CLANG_WARN_EMPTY_BODY = YES;
				CLANG_WARN_ENUM_CONVERSION = YES;
				CLANG_WARN_INT_CONVERSION = YES;
				CLANG_WARN_OBJC_ROOT_CLASS = YES_ERROR;
				CLANG_WARN_UNREACHABLE_CODE = YES;
				CLANG_WARN__DUPLICATE_METHOD_MATCH = YES;
				"CODE_SIGN_IDENTITY[sdk=iphoneos*]" = "iPhone Developer";
				COPY_PHASE_STRIP = NO;
				DEBUG_INFORMATION_FORMAT = "dwarf-with-dsym";
				ENABLE_NS_ASSERTIONS = NO;
				ENABLE_STRICT_OBJC_MSGSEND = YES;
				GCC_C_LANGUAGE_STANDARD = gnu99;
				GCC_NO_COMMON_BLOCKS = YES;
				GCC_WARN_64_TO_32_BIT_CONVERSION = YES;
				GCC_WARN_ABOUT_RETURN_TYPE = YES_ERROR;
				GCC_WARN_UNDECLARED_SELECTOR = YES;
				GCC_WARN_UNINITIALIZED_AUTOS = YES_AGGRESSIVE;
				GCC_WARN_UNUSED_FUNCTION = YES;
				GCC_WARN_UNUSED_VARIABLE = YES;
				IPHONEOS_DEPLOYMENT_TARGET = 9.3;
				MTL_ENABLE_DEBUG_INFO = NO;
				SDKROOT = iphoneos;
				TARGETED_DEVICE_FAMILY = "1,2";
				VALIDATE_PRODUCT = YES;
			};
			name = Release;
		};
		D41CDF291CF8E2D700772446 /* Debug */ = {
			isa = XCBuildConfiguration;
			buildSettings = {
				ASSETCATALOG_COMPILER_APPICON_NAME = AppIcon;
				CLANG_ENABLE_MODULES = YES;
				CODE_SIGN_IDENTITY = "iPhone Developer";
				"CODE_SIGN_IDENTITY[sdk=iphoneos*]" = "iPhone Developer";
				INFOPLIST_FILE = Mosquito/Info.plist;
				LD_RUNPATH_SEARCH_PATHS = "$(inherited) @executable_path/Frameworks";
				PRODUCT_BUNDLE_IDENTIFIER = BEPiD.Mosquito;
				PRODUCT_NAME = "$(TARGET_NAME)";
				PROVISIONING_PROFILE = "";
				SWIFT_OBJC_BRIDGING_HEADER = "Mosquito/Mosquito-Bridging-Header.h";
				SWIFT_OPTIMIZATION_LEVEL = "-Onone";
			};
			name = Debug;
		};
		D41CDF2A1CF8E2D700772446 /* Release */ = {
			isa = XCBuildConfiguration;
			buildSettings = {
				ASSETCATALOG_COMPILER_APPICON_NAME = AppIcon;
				CLANG_ENABLE_MODULES = YES;
				CODE_SIGN_IDENTITY = "iPhone Developer";
				"CODE_SIGN_IDENTITY[sdk=iphoneos*]" = "iPhone Developer";
				INFOPLIST_FILE = Mosquito/Info.plist;
				LD_RUNPATH_SEARCH_PATHS = "$(inherited) @executable_path/Frameworks";
				PRODUCT_BUNDLE_IDENTIFIER = BEPiD.Mosquito;
				PRODUCT_NAME = "$(TARGET_NAME)";
				PROVISIONING_PROFILE = "";
				SWIFT_OBJC_BRIDGING_HEADER = "Mosquito/Mosquito-Bridging-Header.h";
			};
			name = Release;
		};
		D41CDF2C1CF8E2D700772446 /* Debug */ = {
			isa = XCBuildConfiguration;
			buildSettings = {
				BUNDLE_LOADER = "$(TEST_HOST)";
				INFOPLIST_FILE = MosquitoTests/Info.plist;
				LD_RUNPATH_SEARCH_PATHS = "$(inherited) @executable_path/Frameworks @loader_path/Frameworks";
				PRODUCT_BUNDLE_IDENTIFIER = BEPiD.MosquitoTests;
				PRODUCT_NAME = "$(TARGET_NAME)";
				TEST_HOST = "$(BUILT_PRODUCTS_DIR)/Mosquito.app/Mosquito";
			};
			name = Debug;
		};
		D41CDF2D1CF8E2D700772446 /* Release */ = {
			isa = XCBuildConfiguration;
			buildSettings = {
				BUNDLE_LOADER = "$(TEST_HOST)";
				INFOPLIST_FILE = MosquitoTests/Info.plist;
				LD_RUNPATH_SEARCH_PATHS = "$(inherited) @executable_path/Frameworks @loader_path/Frameworks";
				PRODUCT_BUNDLE_IDENTIFIER = BEPiD.MosquitoTests;
				PRODUCT_NAME = "$(TARGET_NAME)";
				TEST_HOST = "$(BUILT_PRODUCTS_DIR)/Mosquito.app/Mosquito";
			};
			name = Release;
		};
		D41CDF2F1CF8E2D700772446 /* Debug */ = {
			isa = XCBuildConfiguration;
			buildSettings = {
				INFOPLIST_FILE = MosquitoUITests/Info.plist;
				LD_RUNPATH_SEARCH_PATHS = "$(inherited) @executable_path/Frameworks @loader_path/Frameworks";
				PRODUCT_BUNDLE_IDENTIFIER = BEPiD.MosquitoUITests;
				PRODUCT_NAME = "$(TARGET_NAME)";
				TEST_TARGET_NAME = Mosquito;
			};
			name = Debug;
		};
		D41CDF301CF8E2D700772446 /* Release */ = {
			isa = XCBuildConfiguration;
			buildSettings = {
				INFOPLIST_FILE = MosquitoUITests/Info.plist;
				LD_RUNPATH_SEARCH_PATHS = "$(inherited) @executable_path/Frameworks @loader_path/Frameworks";
				PRODUCT_BUNDLE_IDENTIFIER = BEPiD.MosquitoUITests;
				PRODUCT_NAME = "$(TARGET_NAME)";
				TEST_TARGET_NAME = Mosquito;
			};
			name = Release;
		};
/* End XCBuildConfiguration section */

/* Begin XCConfigurationList section */
		D41CDEFB1CF8E2D600772446 /* Build configuration list for PBXProject "Mosquito" */ = {
			isa = XCConfigurationList;
			buildConfigurations = (
				D41CDF261CF8E2D700772446 /* Debug */,
				D41CDF271CF8E2D700772446 /* Release */,
			);
			defaultConfigurationIsVisible = 0;
			defaultConfigurationName = Release;
		};
		D41CDF281CF8E2D700772446 /* Build configuration list for PBXNativeTarget "Mosquito" */ = {
			isa = XCConfigurationList;
			buildConfigurations = (
				D41CDF291CF8E2D700772446 /* Debug */,
				D41CDF2A1CF8E2D700772446 /* Release */,
			);
			defaultConfigurationIsVisible = 0;
			defaultConfigurationName = Release;
		};
		D41CDF2B1CF8E2D700772446 /* Build configuration list for PBXNativeTarget "MosquitoTests" */ = {
			isa = XCConfigurationList;
			buildConfigurations = (
				D41CDF2C1CF8E2D700772446 /* Debug */,
				D41CDF2D1CF8E2D700772446 /* Release */,
			);
			defaultConfigurationIsVisible = 0;
			defaultConfigurationName = Release;
		};
		D41CDF2E1CF8E2D700772446 /* Build configuration list for PBXNativeTarget "MosquitoUITests" */ = {
			isa = XCConfigurationList;
			buildConfigurations = (
				D41CDF2F1CF8E2D700772446 /* Debug */,
				D41CDF301CF8E2D700772446 /* Release */,
			);
			defaultConfigurationIsVisible = 0;
			defaultConfigurationName = Release;
		};
/* End XCConfigurationList section */
	};
	rootObject = D41CDEF81CF8E2D600772446 /* Project object */;
}
